
Microsoft Visual Studio Solution File, Format Version 12.00
# Visual Studio Version 16
VisualStudioVersion = 16.0.29613.14
MinimumVisualStudioVersion = 10.0.40219.1
Project("{FAE04EC0-301F-11D3-BF4B-00C04F79EFBC}") = "Chaos.NaCl.Benchmark", "Chaos.NaCl.Benchmark\Chaos.NaCl.Benchmark.csproj", "{28321BA8-C416-4F81-BE4C-1546CD62118B}"
EndProject
Project("{FAE04EC0-301F-11D3-BF4B-00C04F79EFBC}") = "Chaos.NaCl.Tests", "Chaos.NaCl.Tests\Chaos.NaCl.Tests.csproj", "{433DF668-E178-4F13-A500-4D3609F450B9}"
EndProject
Project("{FAE04EC0-301F-11D3-BF4B-00C04F79EFBC}") = "Chaos.NaCl.Benchmark32", "Chaos.NaCl.Benchmark32\Chaos.NaCl.Benchmark32.csproj", "{414429EE-D02E-485B-BE58-52DF33CF56AA}"
EndProject
Project("{9A19103F-16F7-4668-BE54-9A1E7A4F7556}") = "Chaos.NaCl.Standard", "Chaos.NaCl.Standard\Chaos.NaCl.Standard.csproj", "{655F4550-DB05-458B-ACC7-2C63F7E8ECDE}"
EndProject
Global
	GlobalSection(SolutionConfigurationPlatforms) = preSolution
		Debug|Any CPU = Debug|Any CPU
		Release|Any CPU = Release|Any CPU
	EndGlobalSection
	GlobalSection(ProjectConfigurationPlatforms) = postSolution
		{28321BA8-C416-4F81-BE4C-1546CD62118B}.Debug|Any CPU.ActiveCfg = Debug|Any CPU
		{28321BA8-C416-4F81-BE4C-1546CD62118B}.Debug|Any CPU.Build.0 = Debug|Any CPU
		{28321BA8-C416-4F81-BE4C-1546CD62118B}.Release|Any CPU.ActiveCfg = Release|Any CPU
		{28321BA8-C416-4F81-BE4C-1546CD62118B}.Release|Any CPU.Build.0 = Release|Any CPU
		{433DF668-E178-4F13-A500-4D3609F450B9}.Debug|Any CPU.ActiveCfg = Debug|Any CPU
		{433DF668-E178-4F13-A500-4D3609F450B9}.Debug|Any CPU.Build.0 = Debug|Any CPU
		{433DF668-E178-4F13-A500-4D3609F450B9}.Release|Any CPU.ActiveCfg = Release|Any CPU
		{433DF668-E178-4F13-A500-4D3609F450B9}.Release|Any CPU.Build.0 = Release|Any CPU
		{414429EE-D02E-485B-BE58-52DF33CF56AA}.Debug|Any CPU.ActiveCfg = Debug|Any CPU
		{414429EE-D02E-485B-BE58-52DF33CF56AA}.Debug|Any CPU.Build.0 = Debug|Any CPU
		{414429EE-D02E-485B-BE58-52DF33CF56AA}.Release|Any CPU.ActiveCfg = Release|Any CPU
		{414429EE-D02E-485B-BE58-52DF33CF56AA}.Release|Any CPU.Build.0 = Release|Any CPU
		{655F4550-DB05-458B-ACC7-2C63F7E8ECDE}.Debug|Any CPU.ActiveCfg = Debug|Any CPU
		{655F4550-DB05-458B-ACC7-2C63F7E8ECDE}.Debug|Any CPU.Build.0 = Debug|Any CPU
		{655F4550-DB05-458B-ACC7-2C63F7E8ECDE}.Release|Any CPU.ActiveCfg = Release|Any CPU
		{655F4550-DB05-458B-ACC7-2C63F7E8ECDE}.Release|Any CPU.Build.0 = Release|Any CPU
	EndGlobalSection
	GlobalSection(SolutionProperties) = preSolution
		HideSolutionNode = FALSE
	EndGlobalSection
	GlobalSection(ExtensibilityGlobals) = postSolution
		SolutionGuid = {141B29C9-D5FE-4EB1-B926-2A66A5473952}
	EndGlobalSection
EndGlobal
